
Microsoft Visual Studio Solution File, Format Version 12.00
# Visual Studio Version 17
VisualStudioVersion = 17.0.31903.59
MinimumVisualStudioVersion = 10.0.40219.1
Project("{2150E333-8FDC-42A3-9474-1A3956D46DE8}") = "src", "src", "{827E0CD3-B72D-47B6-A68D-7590B98EB39B}"
EndProject
Project("{FAE04EC0-301F-11D3-BF4B-00C04F79EFBC}") = "Consultorio.Data", "src\Consultorio.Data\Consultorio.Data.csproj", "{FB1F6F14-3488-40F8-A076-1C1DBE289E21}"
EndProject
Project("{FAE04EC0-301F-11D3-BF4B-00C04F79EFBC}") = "Consultorio.Domain", "src\Consultorio.Domain\Consultorio.Domain.csproj", "{CBF6A09E-D10F-488F-82E8-7D045301032B}"
EndProject
Project("{FAE04EC0-301F-11D3-BF4B-00C04F79EFBC}") = "Consultorio.MAUI", "src\Consultorio.MAUI\Consultorio.MAUI.csproj", "{EBC75849-C5BF-4D0B-8C8F-C0B946BCA001}"
EndProject
Project("{FAE04EC0-301F-11D3-BF4B-00C04F79EFBC}") = "Consultorio.Services", "src\Consultorio.Services\Consultorio.Services.csproj", "{4F6681B4-4EAB-4A98-85F2-6B3D8AE46E79}"
EndProject
Project("{2150E333-8FDC-42A3-9474-1A3956D46DE8}") = "docs", "docs", "{02EA681E-C7D8-13C7-8484-4AC65E1B71E8}"
EndProject
Project("{2150E333-8FDC-42A3-9474-1A3956D46DE8}") = "scripts", "scripts", "{93F0BC81-8817-4CF6-BB31-F6CC6FE26D67}"
EndProject
Project("{2150E333-8FDC-42A3-9474-1A3956D46DE8}") = "tests", "tests", "{466D6A98-E5B8-43E4-8A5A-B7F92049B776}"
EndProject
Project("{FAE04EC0-301F-11D3-BF4B-00C04F79EFBC}") = "Consultorio.Application", "src\Consultorio.Application\Consultorio.Application.csproj", "{23740114-A340-C88F-ADEC-B861322DE271}"
EndProject
Project("{FAE04EC0-301F-11D3-BF4B-00C04F79EFBC}") = "Consultorio.API", "src\Consultorio.API\Consultorio.API.csproj", "{03EAC50A-4DA8-4A0B-7C89-0BCF67EA6963}"
EndProject
Project("{FAE04EC0-301F-11D3-BF4B-00C04F79EFBC}") = "Consultorio.Tests.Integration", "src\Consultorio.Tests\Consultorio.Tests.Integration\Consultorio.Tests.Integration.csproj", "{7E8B4842-9F1D-A9E4-F220-53285609B83C}"
EndProject
Project("{FAE04EC0-301F-11D3-BF4B-00C04F79EFBC}") = "Consultorio.Tests.Unit", "src\Consultorio.Tests\Consultorio.Tests.Unit\Consultorio.Tests.Unit.csproj", "{8A36840C-6112-E000-AD3C-0FF22D5BA1D7}"
EndProject
Global
	GlobalSection(SolutionConfigurationPlatforms) = preSolution
		Debug|Any CPU = Debug|Any CPU
		Debug|x64 = Debug|x64
		Debug|x86 = Debug|x86
		Release|Any CPU = Release|Any CPU
		Release|x64 = Release|x64
		Release|x86 = Release|x86
	EndGlobalSection
	GlobalSection(ProjectConfigurationPlatforms) = postSolution
		{FB1F6F14-3488-40F8-A076-1C1DBE289E21}.Debug|Any CPU.ActiveCfg = Debug|Any CPU
		{FB1F6F14-3488-40F8-A076-1C1DBE289E21}.Debug|Any CPU.Build.0 = Debug|Any CPU
		{FB1F6F14-3488-40F8-A076-1C1DBE289E21}.Debug|x64.ActiveCfg = Debug|Any CPU
		{FB1F6F14-3488-40F8-A076-1C1DBE289E21}.Debug|x64.Build.0 = Debug|Any CPU
		{FB1F6F14-3488-40F8-A076-1C1DBE289E21}.Debug|x86.ActiveCfg = Debug|Any CPU
		{FB1F6F14-3488-40F8-A076-1C1DBE289E21}.Debug|x86.Build.0 = Debug|Any CPU
		{FB1F6F14-3488-40F8-A076-1C1DBE289E21}.Release|Any CPU.ActiveCfg = Release|Any CPU
		{FB1F6F14-3488-40F8-A076-1C1DBE289E21}.Release|Any CPU.Build.0 = Release|Any CPU
		{FB1F6F14-3488-40F8-A076-1C1DBE289E21}.Release|x64.ActiveCfg = Release|Any CPU
		{FB1F6F14-3488-40F8-A076-1C1DBE289E21}.Release|x64.Build.0 = Release|Any CPU
		{FB1F6F14-3488-40F8-A076-1C1DBE289E21}.Release|x86.ActiveCfg = Release|Any CPU
		{FB1F6F14-3488-40F8-A076-1C1DBE289E21}.Release|x86.Build.0 = Release|Any CPU
		{CBF6A09E-D10F-488F-82E8-7D045301032B}.Debug|Any CPU.ActiveCfg = Debug|Any CPU
		{CBF6A09E-D10F-488F-82E8-7D045301032B}.Debug|Any CPU.Build.0 = Debug|Any CPU
		{CBF6A09E-D10F-488F-82E8-7D045301032B}.Debug|x64.ActiveCfg = Debug|Any CPU
		{CBF6A09E-D10F-488F-82E8-7D045301032B}.Debug|x64.Build.0 = Debug|Any CPU
		{CBF6A09E-D10F-488F-82E8-7D045301032B}.Debug|x86.ActiveCfg = Debug|Any CPU
		{CBF6A09E-D10F-488F-82E8-7D045301032B}.Debug|x86.Build.0 = Debug|Any CPU
		{CBF6A09E-D10F-488F-82E8-7D045301032B}.Release|Any CPU.ActiveCfg = Release|Any CPU
		{CBF6A09E-D10F-488F-82E8-7D045301032B}.Release|Any CPU.Build.0 = Release|Any CPU
		{CBF6A09E-D10F-488F-82E8-7D045301032B}.Release|x64.ActiveCfg = Release|Any CPU
		{CBF6A09E-D10F-488F-82E8-7D045301032B}.Release|x64.Build.0 = Release|Any CPU
		{CBF6A09E-D10F-488F-82E8-7D045301032B}.Release|x86.ActiveCfg = Release|Any CPU
		{CBF6A09E-D10F-488F-82E8-7D045301032B}.Release|x86.Build.0 = Release|Any CPU
		{EBC75849-C5BF-4D0B-8C8F-C0B946BCA001}.Debug|Any CPU.ActiveCfg = Debug|Any CPU
		{EBC75849-C5BF-4D0B-8C8F-C0B946BCA001}.Debug|Any CPU.Build.0 = Debug|Any CPU
		{EBC75849-C5BF-4D0B-8C8F-C0B946BCA001}.Debug|x64.ActiveCfg = Debug|Any CPU
		{EBC75849-C5BF-4D0B-8C8F-C0B946BCA001}.Debug|x64.Build.0 = Debug|Any CPU
		{EBC75849-C5BF-4D0B-8C8F-C0B946BCA001}.Debug|x86.ActiveCfg = Debug|Any CPU
		{EBC75849-C5BF-4D0B-8C8F-C0B946BCA001}.Debug|x86.Build.0 = Debug|Any CPU
		{EBC75849-C5BF-4D0B-8C8F-C0B946BCA001}.Release|Any CPU.ActiveCfg = Release|Any CPU
		{EBC75849-C5BF-4D0B-8C8F-C0B946BCA001}.Release|Any CPU.Build.0 = Release|Any CPU
		{EBC75849-C5BF-4D0B-8C8F-C0B946BCA001}.Release|x64.ActiveCfg = Release|Any CPU
		{EBC75849-C5BF-4D0B-8C8F-C0B946BCA001}.Release|x64.Build.0 = Release|Any CPU
		{EBC75849-C5BF-4D0B-8C8F-C0B946BCA001}.Release|x86.ActiveCfg = Release|Any CPU
		{EBC75849-C5BF-4D0B-8C8F-C0B946BCA001}.Release|x86.Build.0 = Release|Any CPU
		{4F6681B4-4EAB-4A98-85F2-6B3D8AE46E79}.Debug|Any CPU.ActiveCfg = Debug|Any CPU
		{4F6681B4-4EAB-4A98-85F2-6B3D8AE46E79}.Debug|Any CPU.Build.0 = Debug|Any CPU
		{4F6681B4-4EAB-4A98-85F2-6B3D8AE46E79}.Debug|x64.ActiveCfg = Debug|Any CPU
		{4F6681B4-4EAB-4A98-85F2-6B3D8AE46E79}.Debug|x64.Build.0 = Debug|Any CPU
		{4F6681B4-4EAB-4A98-85F2-6B3D8AE46E79}.Debug|x86.ActiveCfg = Debug|Any CPU
		{4F6681B4-4EAB-4A98-85F2-6B3D8AE46E79}.Debug|x86.Build.0 = Debug|Any CPU
		{4F6681B4-4EAB-4A98-85F2-6B3D8AE46E79}.Release|Any CPU.ActiveCfg = Release|Any CPU
		{4F6681B4-4EAB-4A98-85F2-6B3D8AE46E79}.Release|Any CPU.Build.0 = Release|Any CPU
		{4F6681B4-4EAB-4A98-85F2-6B3D8AE46E79}.Release|x64.ActiveCfg = Release|Any CPU
		{4F6681B4-4EAB-4A98-85F2-6B3D8AE46E79}.Release|x64.Build.0 = Release|Any CPU
		{4F6681B4-4EAB-4A98-85F2-6B3D8AE46E79}.Release|x86.ActiveCfg = Release|Any CPU
		{4F6681B4-4EAB-4A98-85F2-6B3D8AE46E79}.Release|x86.Build.0 = Release|Any CPU
		{23740114-A340-C88F-ADEC-B861322DE271}.Debug|Any CPU.ActiveCfg = Debug|Any CPU
		{23740114-A340-C88F-ADEC-B861322DE271}.Debug|Any CPU.Build.0 = Debug|Any CPU
		{23740114-A340-C88F-ADEC-B861322DE271}.Debug|x64.ActiveCfg = Debug|Any CPU
		{23740114-A340-C88F-ADEC-B861322DE271}.Debug|x64.Build.0 = Debug|Any CPU
		{23740114-A340-C88F-ADEC-B861322DE271}.Debug|x86.ActiveCfg = Debug|Any CPU
		{23740114-A340-C88F-ADEC-B861322DE271}.Debug|x86.Build.0 = Debug|Any CPU
		{23740114-A340-C88F-ADEC-B861322DE271}.Release|Any CPU.ActiveCfg = Release|Any CPU
		{23740114-A340-C88F-ADEC-B861322DE271}.Release|Any CPU.Build.0 = Release|Any CPU
		{23740114-A340-C88F-ADEC-B861322DE271}.Release|x64.ActiveCfg = Release|Any CPU
		{23740114-A340-C88F-ADEC-B861322DE271}.Release|x64.Build.0 = Release|Any CPU
		{23740114-A340-C88F-ADEC-B861322DE271}.Release|x86.ActiveCfg = Release|Any CPU
		{23740114-A340-C88F-ADEC-B861322DE271}.Release|x86.Build.0 = Release|Any CPU
		{03EAC50A-4DA8-4A0B-7C89-0BCF67EA6963}.Debug|Any CPU.ActiveCfg = Debug|Any CPU
		{03EAC50A-4DA8-4A0B-7C89-0BCF67EA6963}.Debug|Any CPU.Build.0 = Debug|Any CPU
		{03EAC50A-4DA8-4A0B-7C89-0BCF67EA6963}.Debug|x64.ActiveCfg = Debug|Any CPU
		{03EAC50A-4DA8-4A0B-7C89-0BCF67EA6963}.Debug|x64.Build.0 = Debug|Any CPU
		{03EAC50A-4DA8-4A0B-7C89-0BCF67EA6963}.Debug|x86.ActiveCfg = Debug|Any CPU
		{03EAC50A-4DA8-4A0B-7C89-0BCF67EA6963}.Debug|x86.Build.0 = Debug|Any CPU
		{03EAC50A-4DA8-4A0B-7C89-0BCF67EA6963}.Release|Any CPU.ActiveCfg = Release|Any CPU
		{03EAC50A-4DA8-4A0B-7C89-0BCF67EA6963}.Release|Any CPU.Build.0 = Release|Any CPU
		{03EAC50A-4DA8-4A0B-7C89-0BCF67EA6963}.Release|x64.ActiveCfg = Release|Any CPU
		{03EAC50A-4DA8-4A0B-7C89-0BCF67EA6963}.Release|x64.Build.0 = Release|Any CPU
		{03EAC50A-4DA8-4A0B-7C89-0BCF67EA6963}.Release|x86.ActiveCfg = Release|Any CPU
		{03EAC50A-4DA8-4A0B-7C89-0BCF67EA6963}.Release|x86.Build.0 = Release|Any CPU
		{7E8B4842-9F1D-A9E4-F220-53285609B83C}.Debug|Any CPU.ActiveCfg = Debug|Any CPU
		{7E8B4842-9F1D-A9E4-F220-53285609B83C}.Debug|Any CPU.Build.0 = Debug|Any CPU
		{7E8B4842-9F1D-A9E4-F220-53285609B83C}.Debug|x64.ActiveCfg = Debug|Any CPU
		{7E8B4842-9F1D-A9E4-F220-53285609B83C}.Debug|x64.Build.0 = Debug|Any CPU
		{7E8B4842-9F1D-A9E4-F220-53285609B83C}.Debug|x86.ActiveCfg = Debug|Any CPU
		{7E8B4842-9F1D-A9E4-F220-53285609B83C}.Debug|x86.Build.0 = Debug|Any CPU
		{7E8B4842-9F1D-A9E4-F220-53285609B83C}.Release|Any CPU.ActiveCfg = Release|Any CPU
		{7E8B4842-9F1D-A9E4-F220-53285609B83C}.Release|Any CPU.Build.0 = Release|Any CPU
		{7E8B4842-9F1D-A9E4-F220-53285609B83C}.Release|x64.ActiveCfg = Release|Any CPU
		{7E8B4842-9F1D-A9E4-F220-53285609B83C}.Release|x64.Build.0 = Release|Any CPU
		{7E8B4842-9F1D-A9E4-F220-53285609B83C}.Release|x86.ActiveCfg = Release|Any CPU
		{7E8B4842-9F1D-A9E4-F220-53285609B83C}.Release|x86.Build.0 = Release|Any CPU
		{8A36840C-6112-E000-AD3C-0FF22D5BA1D7}.Debug|Any CPU.ActiveCfg = Debug|Any CPU
		{8A36840C-6112-E000-AD3C-0FF22D5BA1D7}.Debug|Any CPU.Build.0 = Debug|Any CPU
		{8A36840C-6112-E000-AD3C-0FF22D5BA1D7}.Debug|x64.ActiveCfg = Debug|Any CPU
		{8A36840C-6112-E000-AD3C-0FF22D5BA1D7}.Debug|x64.Build.0 = Debug|Any CPU
		{8A36840C-6112-E000-AD3C-0FF22D5BA1D7}.Debug|x86.ActiveCfg = Debug|Any CPU
		{8A36840C-6112-E000-AD3C-0FF22D5BA1D7}.Debug|x86.Build.0 = Debug|Any CPU
		{8A36840C-6112-E000-AD3C-0FF22D5BA1D7}.Release|Any CPU.ActiveCfg = Release|Any CPU
		{8A36840C-6112-E000-AD3C-0FF22D5BA1D7}.Release|Any CPU.Build.0 = Release|Any CPU
		{8A36840C-6112-E000-AD3C-0FF22D5BA1D7}.Release|x64.ActiveCfg = Release|Any CPU
		{8A36840C-6112-E000-AD3C-0FF22D5BA1D7}.Release|x64.Build.0 = Release|Any CPU
		{8A36840C-6112-E000-AD3C-0FF22D5BA1D7}.Release|x86.ActiveCfg = Release|Any CPU
		{8A36840C-6112-E000-AD3C-0FF22D5BA1D7}.Release|x86.Build.0 = Release|Any CPU
	EndGlobalSection
	GlobalSection(SolutionProperties) = preSolution
		HideSolutionNode = FALSE
	EndGlobalSection
	GlobalSection(NestedProjects) = preSolution
		{FB1F6F14-3488-40F8-A076-1C1DBE289E21} = {827E0CD3-B72D-47B6-A68D-7590B98EB39B}
		{CBF6A09E-D10F-488F-82E8-7D045301032B} = {827E0CD3-B72D-47B6-A68D-7590B98EB39B}
		{EBC75849-C5BF-4D0B-8C8F-C0B946BCA001} = {827E0CD3-B72D-47B6-A68D-7590B98EB39B}
		{4F6681B4-4EAB-4A98-85F2-6B3D8AE46E79} = {827E0CD3-B72D-47B6-A68D-7590B98EB39B}
		{23740114-A340-C88F-ADEC-B861322DE271} = {827E0CD3-B72D-47B6-A68D-7590B98EB39B}
		{03EAC50A-4DA8-4A0B-7C89-0BCF67EA6963} = {827E0CD3-B72D-47B6-A68D-7590B98EB39B}
		{7E8B4842-9F1D-A9E4-F220-53285609B83C} = {827E0CD3-B72D-47B6-A68D-7590B98EB39B}
		{8A36840C-6112-E000-AD3C-0FF22D5BA1D7} = {827E0CD3-B72D-47B6-A68D-7590B98EB39B}
	EndGlobalSection
	GlobalSection(ExtensibilityGlobals) = postSolution
		SolutionGuid = {9C27F1A2-4A7F-4391-A086-02DD2C8D102D}
	EndGlobalSection
EndGlobal
